<Solution>
  <Folder Name="/src/">
    <Project Path="src/MyApp.Api/MyApp.Api.csproj" />
    <Project Path="src/MyApp.Contracts/MyApp.Contracts.csproj" />
    <Project Path="src/MyApp.Modules.Catalog/MyApp.Modules.Catalog.csproj" />
    <Project Path="src/MyApp.Modules.Orders/MyApp.Modules.Orders.csproj" />
  </Folder>
  <Folder Name="/tests/">
    <Project Path="tests/MyApp.Modules.Catalog.Tests/MyApp.Modules.Catalog.Tests.csproj" />
    <Project Path="tests/MyApp.Modules.Orders.Tests/MyApp.Modules.Orders.Tests.csproj" />
  </Folder>
</Solution>
